// !$*UTF8*$!
{
	archiveVersion = 1;
	classes = {
	};
	objectVersion = 56;
	objects = {

/* Begin PBXBuildFile section */
		3F9F43FA2D2E91BF0004E8BE /* blackjackApp.swift in Sources */ = {isa = PBXBuildFile; fileRef = 3F9F43F92D2E91BF0004E8BE /* blackjackApp.swift */; };
		3F9F43FC2D2E91BF0004E8BE /* ContentView.swift in Sources */ = {isa = PBXBuildFile; fileRef = 3F9F43FB2D2E91BF0004E8BE /* ContentView.swift */; };
		3F9F43FE2D2E91CD0004E8BE /* Assets.xcassets in Resources */ = {isa = PBXBuildFile; fileRef = 3F9F43FD2D2E91CD0004E8BE /* Assets.xcassets */; };
		3F9F44012D2E91CD0004E8BE /* Preview Assets.xcassets in Resources */ = {isa = PBXBuildFile; fileRef = 3F9F44002D2E91CD0004E8BE /* Preview Assets.xcassets */; };
		3F9F440B2D2E91CE0004E8BE /* blackjackTests.swift in Sources */ = {isa = PBXBuildFile; fileRef = 3F9F440A2D2E91CE0004E8BE /* blackjackTests.swift */; };
		3F9F44152D2E91CE0004E8BE /* blackjackUITests.swift in Sources */ = {isa = PBXBuildFile; fileRef = 3F9F44142D2E91CE0004E8BE /* blackjackUITests.swift */; };
		3F9F44172D2E91CE0004E8BE /* blackjackUITestsLaunchTests.swift in Sources */ = {isa = PBXBuildFile; fileRef = 3F9F44162D2E91CE0004E8BE /* blackjackUITestsLaunchTests.swift */; };
		3F9F44242D2E92210004E8BE /* BlackjackViewModel.swift in Sources */ = {isa = PBXBuildFile; fileRef = 3F9F44232D2E92210004E8BE /* BlackjackViewModel.swift */; };
		3F9F44262D2E923A0004E8BE /* BlackjackModel.swift in Sources */ = {isa = PBXBuildFile; fileRef = 3F9F44252D2E923A0004E8BE /* BlackjackModel.swift */; };
		3F9F44282D2E924F0004E8BE /* CardView.swift in Sources */ = {isa = PBXBuildFile; fileRef = 3F9F44272D2E924F0004E8BE /* CardView.swift */; };
		3F9F442C2D2E95D10004E8BE /* BettingView.swift in Sources */ = {isa = PBXBuildFile; fileRef = 3F9F442B2D2E95D10004E8BE /* BettingView.swift */; };
		3F9F44302D2E964A0004E8BE /* GameView.swift in Sources */ = {isa = PBXBuildFile; fileRef = 3F9F442F2D2E964A0004E8BE /* GameView.swift */; };
		3F9F44322D3168ED0004E8BE /* HeaderView.swift in Sources */ = {isa = PBXBuildFile; fileRef = 3F9F44312D3168ED0004E8BE /* HeaderView.swift */; };
		3F9F443E2D33DA180004E8BE /* ActionButton.swift in Sources */ = {isa = PBXBuildFile; fileRef = 3F9F443D2D33DA180004E8BE /* ActionButton.swift */; };
		3F9F44402D33DA2E0004E8BE /* BalanceView.swift in Sources */ = {isa = PBXBuildFile; fileRef = 3F9F443F2D33DA2E0004E8BE /* BalanceView.swift */; };
		3F9F44422D33DAC40004E8BE /* GameControlsView.swift in Sources */ = {isa = PBXBuildFile; fileRef = 3F9F44412D33DAC40004E8BE /* GameControlsView.swift */; };
		3F9F44442D33DADF0004E8BE /* GameOverView.swift in Sources */ = {isa = PBXBuildFile; fileRef = 3F9F44432D33DADF0004E8BE /* GameOverView.swift */; };
		3F9F44462D33DB040004E8BE /* HandView.swift in Sources */ = {isa = PBXBuildFile; fileRef = 3F9F44452D33DB040004E8BE /* HandView.swift */; };
		3FAC3ECC2D36656900F9D6FA /* Card.swift in Sources */ = {isa = PBXBuildFile; fileRef = 3FAC3ECB2D36656900F9D6FA /* Card.swift */; };
/* End PBXBuildFile section */

/* Begin PBXContainerItemProxy section */
		3F9F44072D2E91CE0004E8BE /* PBXContainerItemProxy */ = {
			isa = PBXContainerItemProxy;
			containerPortal = 3F9F43EE2D2E91BF0004E8BE /* Project object */;
			proxyType = 1;
			remoteGlobalIDString = 3F9F43F52D2E91BF0004E8BE;
			remoteInfo = blackjack;
		};
		3F9F44112D2E91CE0004E8BE /* PBXContainerItemProxy */ = {
			isa = PBXContainerItemProxy;
			containerPortal = 3F9F43EE2D2E91BF0004E8BE /* Project object */;
			proxyType = 1;
			remoteGlobalIDString = 3F9F43F52D2E91BF0004E8BE;
			remoteInfo = blackjack;
		};
/* End PBXContainerItemProxy section */

/* Begin PBXFileReference section */
		3F9F43F62D2E91BF0004E8BE /* blackjack.app */ = {isa = PBXFileReference; explicitFileType = wrapper.application; includeInIndex = 0; path = blackjack.app; sourceTree = BUILT_PRODUCTS_DIR; };
		3F9F43F92D2E91BF0004E8BE /* blackjackApp.swift */ = {isa = PBXFileReference; lastKnownFileType = sourcecode.swift; path = blackjackApp.swift; sourceTree = "<group>"; };
		3F9F43FB2D2E91BF0004E8BE /* ContentView.swift */ = {isa = PBXFileReference; lastKnownFileType = sourcecode.swift; path = ContentView.swift; sourceTree = "<group>"; };
		3F9F43FD2D2E91CD0004E8BE /* Assets.xcassets */ = {isa = PBXFileReference; lastKnownFileType = folder.assetcatalog; path = Assets.xcassets; sourceTree = "<group>"; };
		3F9F44002D2E91CD0004E8BE /* Preview Assets.xcassets */ = {isa = PBXFileReference; lastKnownFileType = folder.assetcatalog; path = "Preview Assets.xcassets"; sourceTree = "<group>"; };
		3F9F44062D2E91CE0004E8BE /* blackjackTests.xctest */ = {isa = PBXFileReference; explicitFileType = wrapper.cfbundle; includeInIndex = 0; path = blackjackTests.xctest; sourceTree = BUILT_PRODUCTS_DIR; };
		3F9F440A2D2E91CE0004E8BE /* blackjackTests.swift */ = {isa = PBXFileReference; lastKnownFileType = sourcecode.swift; path = blackjackTests.swift; sourceTree = "<group>"; };
		3F9F44102D2E91CE0004E8BE /* blackjackUITests.xctest */ = {isa = PBXFileReference; explicitFileType = wrapper.cfbundle; includeInIndex = 0; path = blackjackUITests.xctest; sourceTree = BUILT_PRODUCTS_DIR; };
		3F9F44142D2E91CE0004E8BE /* blackjackUITests.swift */ = {isa = PBXFileReference; lastKnownFileType = sourcecode.swift; path = blackjackUITests.swift; sourceTree = "<group>"; };
		3F9F44162D2E91CE0004E8BE /* blackjackUITestsLaunchTests.swift */ = {isa = PBXFileReference; lastKnownFileType = sourcecode.swift; path = blackjackUITestsLaunchTests.swift; sourceTree = "<group>"; };
		3F9F44232D2E92210004E8BE /* BlackjackViewModel.swift */ = {isa = PBXFileReference; lastKnownFileType = sourcecode.swift; path = BlackjackViewModel.swift; sourceTree = "<group>"; };
		3F9F44252D2E923A0004E8BE /* BlackjackModel.swift */ = {isa = PBXFileReference; lastKnownFileType = sourcecode.swift; path = BlackjackModel.swift; sourceTree = "<group>"; };
		3F9F44272D2E924F0004E8BE /* CardView.swift */ = {isa = PBXFileReference; lastKnownFileType = sourcecode.swift; path = CardView.swift; sourceTree = "<group>"; };
		3F9F442B2D2E95D10004E8BE /* BettingView.swift */ = {isa = PBXFileReference; lastKnownFileType = sourcecode.swift; path = BettingView.swift; sourceTree = "<group>"; };
		3F9F442F2D2E964A0004E8BE /* GameView.swift */ = {isa = PBXFileReference; lastKnownFileType = sourcecode.swift; path = GameView.swift; sourceTree = "<group>"; };
		3F9F44312D3168ED0004E8BE /* HeaderView.swift */ = {isa = PBXFileReference; lastKnownFileType = sourcecode.swift; path = HeaderView.swift; sourceTree = "<group>"; };
		3F9F443D2D33DA180004E8BE /* ActionButton.swift */ = {isa = PBXFileReference; lastKnownFileType = sourcecode.swift; path = ActionButton.swift; sourceTree = "<group>"; };
		3F9F443F2D33DA2E0004E8BE /* BalanceView.swift */ = {isa = PBXFileReference; lastKnownFileType = sourcecode.swift; path = BalanceView.swift; sourceTree = "<group>"; };
		3F9F44412D33DAC40004E8BE /* GameControlsView.swift */ = {isa = PBXFileReference; lastKnownFileType = sourcecode.swift; path = GameControlsView.swift; sourceTree = "<group>"; };
		3F9F44432D33DADF0004E8BE /* GameOverView.swift */ = {isa = PBXFileReference; lastKnownFileType = sourcecode.swift; path = GameOverView.swift; sourceTree = "<group>"; };
		3F9F44452D33DB040004E8BE /* HandView.swift */ = {isa = PBXFileReference; lastKnownFileType = sourcecode.swift; path = HandView.swift; sourceTree = "<group>"; };
		3FAC3ECB2D36656900F9D6FA /* Card.swift */ = {isa = PBXFileReference; lastKnownFileType = sourcecode.swift; path = Card.swift; sourceTree = "<group>"; };
/* End PBXFileReference section */

/* Begin PBXFrameworksBuildPhase section */
		3F9F43F32D2E91BF0004E8BE /* Frameworks */ = {
			isa = PBXFrameworksBuildPhase;
			buildActionMask = 2147483647;
			files = (
			);
			runOnlyForDeploymentPostprocessing = 0;
		};
		3F9F44032D2E91CE0004E8BE /* Frameworks */ = {
			isa = PBXFrameworksBuildPhase;
			buildActionMask = 2147483647;
			files = (
			);
			runOnlyForDeploymentPostprocessing = 0;
		};
		3F9F440D2D2E91CE0004E8BE /* Frameworks */ = {
			isa = PBXFrameworksBuildPhase;
			buildActionMask = 2147483647;
			files = (
			);
			runOnlyForDeploymentPostprocessing = 0;
		};
/* End PBXFrameworksBuildPhase section */

/* Begin PBXGroup section */
		3F9F43ED2D2E91BF0004E8BE = {
			isa = PBXGroup;
			children = (
				3F9F43F82D2E91BF0004E8BE /* blackjack */,
				3F9F44092D2E91CE0004E8BE /* blackjackTests */,
				3F9F44132D2E91CE0004E8BE /* blackjackUITests */,
				3F9F43F72D2E91BF0004E8BE /* Products */,
			);
			sourceTree = "<group>";
		};
		3F9F43F72D2E91BF0004E8BE /* Products */ = {
			isa = PBXGroup;
			children = (
				3F9F43F62D2E91BF0004E8BE /* blackjack.app */,
				3F9F44062D2E91CE0004E8BE /* blackjackTests.xctest */,
				3F9F44102D2E91CE0004E8BE /* blackjackUITests.xctest */,
			);
			name = Products;
			sourceTree = "<group>";
		};
		3F9F43F82D2E91BF0004E8BE /* blackjack */ = {
			isa = PBXGroup;
			children = (
				3F9F43F92D2E91BF0004E8BE /* blackjackApp.swift */,
				3F9F43FB2D2E91BF0004E8BE /* ContentView.swift */,
				3F9F44412D33DAC40004E8BE /* GameControlsView.swift */,
				3F9F44432D33DADF0004E8BE /* GameOverView.swift */,
				3F9F44312D3168ED0004E8BE /* HeaderView.swift */,
				3F9F443D2D33DA180004E8BE /* ActionButton.swift */,
				3F9F443F2D33DA2E0004E8BE /* BalanceView.swift */,
				3F9F442F2D2E964A0004E8BE /* GameView.swift */,
				3F9F44452D33DB040004E8BE /* HandView.swift */,
				3F9F44232D2E92210004E8BE /* BlackjackViewModel.swift */,
				3FAC3ECB2D36656900F9D6FA /* Card.swift */,
				3F9F442B2D2E95D10004E8BE /* BettingView.swift */,
				3F9F44252D2E923A0004E8BE /* BlackjackModel.swift */,
				3F9F44272D2E924F0004E8BE /* CardView.swift */,
				3F9F43FD2D2E91CD0004E8BE /* Assets.xcassets */,
				3F9F43FF2D2E91CD0004E8BE /* Preview Content */,
			);
			path = blackjack;
			sourceTree = "<group>";
		};
		3F9F43FF2D2E91CD0004E8BE /* Preview Content */ = {
			isa = PBXGroup;
			children = (
				3F9F44002D2E91CD0004E8BE /* Preview Assets.xcassets */,
			);
			path = "Preview Content";
			sourceTree = "<group>";
		};
		3F9F44092D2E91CE0004E8BE /* blackjackTests */ = {
			isa = PBXGroup;
			children = (
				3F9F440A2D2E91CE0004E8BE /* blackjackTests.swift */,
			);
			path = blackjackTests;
			sourceTree = "<group>";
		};
		3F9F44132D2E91CE0004E8BE /* blackjackUITests */ = {
			isa = PBXGroup;
			children = (
				3F9F44142D2E91CE0004E8BE /* blackjackUITests.swift */,
				3F9F44162D2E91CE0004E8BE /* blackjackUITestsLaunchTests.swift */,
			);
			path = blackjackUITests;
			sourceTree = "<group>";
		};
/* End PBXGroup section */

/* Begin PBXNativeTarget section */
		3F9F43F52D2E91BF0004E8BE /* blackjack */ = {
			isa = PBXNativeTarget;
			buildConfigurationList = 3F9F441A2D2E91CE0004E8BE /* Build configuration list for PBXNativeTarget "blackjack" */;
			buildPhases = (
				3F9F43F22D2E91BF0004E8BE /* Sources */,
				3F9F43F32D2E91BF0004E8BE /* Frameworks */,
				3F9F43F42D2E91BF0004E8BE /* Resources */,
			);
			buildRules = (
			);
			dependencies = (
			);
			name = blackjack;
			productName = blackjack;
			productReference = 3F9F43F62D2E91BF0004E8BE /* blackjack.app */;
			productType = "com.apple.product-type.application";
		};
		3F9F44052D2E91CE0004E8BE /* blackjackTests */ = {
			isa = PBXNativeTarget;
			buildConfigurationList = 3F9F441D2D2E91CE0004E8BE /* Build configuration list for PBXNativeTarget "blackjackTests" */;
			buildPhases = (
				3F9F44022D2E91CE0004E8BE /* Sources */,
				3F9F44032D2E91CE0004E8BE /* Frameworks */,
				3F9F44042D2E91CE0004E8BE /* Resources */,
			);
			buildRules = (
			);
			dependencies = (
				3F9F44082D2E91CE0004E8BE /* PBXTargetDependency */,
			);
			name = blackjackTests;
			productName = blackjackTests;
			productReference = 3F9F44062D2E91CE0004E8BE /* blackjackTests.xctest */;
			productType = "com.apple.product-type.bundle.unit-test";
		};
		3F9F440F2D2E91CE0004E8BE /* blackjackUITests */ = {
			isa = PBXNativeTarget;
			buildConfigurationList = 3F9F44202D2E91CE0004E8BE /* Build configuration list for PBXNativeTarget "blackjackUITests" */;
			buildPhases = (
				3F9F440C2D2E91CE0004E8BE /* Sources */,
				3F9F440D2D2E91CE0004E8BE /* Frameworks */,
				3F9F440E2D2E91CE0004E8BE /* Resources */,
			);
			buildRules = (
			);
			dependencies = (
				3F9F44122D2E91CE0004E8BE /* PBXTargetDependency */,
			);
			name = blackjackUITests;
			productName = blackjackUITests;
			productReference = 3F9F44102D2E91CE0004E8BE /* blackjackUITests.xctest */;
			productType = "com.apple.product-type.bundle.ui-testing";
		};
/* End PBXNativeTarget section */

/* Begin PBXProject section */
		3F9F43EE2D2E91BF0004E8BE /* Project object */ = {
			isa = PBXProject;
			attributes = {
				BuildIndependentTargetsInParallel = 1;
				LastSwiftUpdateCheck = 1500;
				LastUpgradeCheck = 1500;
				TargetAttributes = {
					3F9F43F52D2E91BF0004E8BE = {
						CreatedOnToolsVersion = 15.0;
					};
					3F9F44052D2E91CE0004E8BE = {
						CreatedOnToolsVersion = 15.0;
						TestTargetID = 3F9F43F52D2E91BF0004E8BE;
					};
					3F9F440F2D2E91CE0004E8BE = {
						CreatedOnToolsVersion = 15.0;
						TestTargetID = 3F9F43F52D2E91BF0004E8BE;
					};
				};
			};
			buildConfigurationList = 3F9F43F12D2E91BF0004E8BE /* Build configuration list for PBXProject "blackjack" */;
			compatibilityVersion = "Xcode 14.0";
			developmentRegion = en;
			hasScannedForEncodings = 0;
			knownRegions = (
				en,
				Base,
			);
			mainGroup = 3F9F43ED2D2E91BF0004E8BE;
			productRefGroup = 3F9F43F72D2E91BF0004E8BE /* Products */;
			projectDirPath = "";
			projectRoot = "";
			targets = (
				3F9F43F52D2E91BF0004E8BE /* blackjack */,
				3F9F44052D2E91CE0004E8BE /* blackjackTests */,
				3F9F440F2D2E91CE0004E8BE /* blackjackUITests */,
			);
		};
/* End PBXProject section */

/* Begin PBXResourcesBuildPhase section */
		3F9F43F42D2E91BF0004E8BE /* Resources */ = {
			isa = PBXResourcesBuildPhase;
			buildActionMask = 2147483647;
			files = (
				3F9F44012D2E91CD0004E8BE /* Preview Assets.xcassets in Resources */,
				3F9F43FE2D2E91CD0004E8BE /* Assets.xcassets in Resources */,
			);
			runOnlyForDeploymentPostprocessing = 0;
		};
		3F9F44042D2E91CE0004E8BE /* Resources */ = {
			isa = PBXResourcesBuildPhase;
			buildActionMask = 2147483647;
			files = (
			);
			runOnlyForDeploymentPostprocessing = 0;
		};
		3F9F440E2D2E91CE0004E8BE /* Resources */ = {
			isa = PBXResourcesBuildPhase;
			buildActionMask = 2147483647;
			files = (
			);
			runOnlyForDeploymentPostprocessing = 0;
		};
/* End PBXResourcesBuildPhase section */

/* Begin PBXSourcesBuildPhase section */
		3F9F43F22D2E91BF0004E8BE /* Sources */ = {
			isa = PBXSourcesBuildPhase;
			buildActionMask = 2147483647;
			files = (
				3F9F44322D3168ED0004E8BE /* HeaderView.swift in Sources */,
				3F9F44402D33DA2E0004E8BE /* BalanceView.swift in Sources */,
				3F9F43FC2D2E91BF0004E8BE /* ContentView.swift in Sources */,
				3F9F44422D33DAC40004E8BE /* GameControlsView.swift in Sources */,
				3F9F44242D2E92210004E8BE /* BlackjackViewModel.swift in Sources */,
				3F9F44262D2E923A0004E8BE /* BlackjackModel.swift in Sources */,
				3F9F43FA2D2E91BF0004E8BE /* blackjackApp.swift in Sources */,
				3F9F443E2D33DA180004E8BE /* ActionButton.swift in Sources */,
				3F9F44462D33DB040004E8BE /* HandView.swift in Sources */,
				3FAC3ECC2D36656900F9D6FA /* Card.swift in Sources */,
				3F9F442C2D2E95D10004E8BE /* BettingView.swift in Sources */,
				3F9F44302D2E964A0004E8BE /* GameView.swift in Sources */,
				3F9F44442D33DADF0004E8BE /* GameOverView.swift in Sources */,
				3F9F44282D2E924F0004E8BE /* CardView.swift in Sources */,
			);
			runOnlyForDeploymentPostprocessing = 0;
		};
		3F9F44022D2E91CE0004E8BE /* Sources */ = {
			isa = PBXSourcesBuildPhase;
			buildActionMask = 2147483647;
			files = (
				3F9F440B2D2E91CE0004E8BE /* blackjackTests.swift in Sources */,
			);
			runOnlyForDeploymentPostprocessing = 0;
		};
		3F9F440C2D2E91CE0004E8BE /* Sources */ = {
			isa = PBXSourcesBuildPhase;
			buildActionMask = 2147483647;
			files = (
				3F9F44152D2E91CE0004E8BE /* blackjackUITests.swift in Sources */,
				3F9F44172D2E91CE0004E8BE /* blackjackUITestsLaunchTests.swift in Sources */,
			);
			runOnlyForDeploymentPostprocessing = 0;
		};
/* End PBXSourcesBuildPhase section */

/* Begin PBXTargetDependency section */
		3F9F44082D2E91CE0004E8BE /* PBXTargetDependency */ = {
			isa = PBXTargetDependency;
			target = 3F9F43F52D2E91BF0004E8BE /* blackjack */;
			targetProxy = 3F9F44072D2E91CE0004E8BE /* PBXContainerItemProxy */;
		};
		3F9F44122D2E91CE0004E8BE /* PBXTargetDependency */ = {
			isa = PBXTargetDependency;
			target = 3F9F43F52D2E91BF0004E8BE /* blackjack */;
			targetProxy = 3F9F44112D2E91CE0004E8BE /* PBXContainerItemProxy */;
		};
/* End PBXTargetDependency section */

/* Begin XCBuildConfiguration section */
		3F9F44182D2E91CE0004E8BE /* Debug */ = {
			isa = XCBuildConfiguration;
			buildSettings = {
				ALWAYS_SEARCH_USER_PATHS = NO;
				ASSETCATALOG_COMPILER_GENERATE_SWIFT_ASSET_SYMBOL_EXTENSIONS = YES;
				CLANG_ANALYZER_NONNULL = YES;
				CLANG_ANALYZER_NUMBER_OBJECT_CONVERSION = YES_AGGRESSIVE;
				CLANG_CXX_LANGUAGE_STANDARD = "gnu++20";
				CLANG_ENABLE_MODULES = YES;
				CLANG_ENABLE_OBJC_ARC = YES;
				CLANG_ENABLE_OBJC_WEAK = YES;
				CLANG_WARN_BLOCK_CAPTURE_AUTORELEASING = YES;
				CLANG_WARN_BOOL_CONVERSION = YES;
				CLANG_WARN_COMMA = YES;
				CLANG_WARN_CONSTANT_CONVERSION = YES;
				CLANG_WARN_DEPRECATED_OBJC_IMPLEMENTATIONS = YES;
				CLANG_WARN_DIRECT_OBJC_ISA_USAGE = YES_ERROR;
				CLANG_WARN_DOCUMENTATION_COMMENTS = YES;
				CLANG_WARN_EMPTY_BODY = YES;
				CLANG_WARN_ENUM_CONVERSION = YES;
				CLANG_WARN_INFINITE_RECURSION = YES;
				CLANG_WARN_INT_CONVERSION = YES;
				CLANG_WARN_NON_LITERAL_NULL_CONVERSION = YES;
				CLANG_WARN_OBJC_IMPLICIT_RETAIN_SELF = YES;
				CLANG_WARN_OBJC_LITERAL_CONVERSION = YES;
				CLANG_WARN_OBJC_ROOT_CLASS = YES_ERROR;
				CLANG_WARN_QUOTED_INCLUDE_IN_FRAMEWORK_HEADER = YES;
				CLANG_WARN_RANGE_LOOP_ANALYSIS = YES;
				CLANG_WARN_STRICT_PROTOTYPES = YES;
				CLANG_WARN_SUSPICIOUS_MOVE = YES;
				CLANG_WARN_UNGUARDED_AVAILABILITY = YES_AGGRESSIVE;
				CLANG_WARN_UNREACHABLE_CODE = YES;
				CLANG_WARN__DUPLICATE_METHOD_MATCH = YES;
				COPY_PHASE_STRIP = NO;
				DEBUG_INFORMATION_FORMAT = dwarf;
				ENABLE_STRICT_OBJC_MSGSEND = YES;
				ENABLE_TESTABILITY = YES;
				ENABLE_USER_SCRIPT_SANDBOXING = YES;
				GCC_C_LANGUAGE_STANDARD = gnu17;
				GCC_DYNAMIC_NO_PIC = NO;
				GCC_NO_COMMON_BLOCKS = YES;
				GCC_OPTIMIZATION_LEVEL = 0;
				GCC_PREPROCESSOR_DEFINITIONS = (
					"DEBUG=1",
					"$(inherited)",
				);
				GCC_WARN_64_TO_32_BIT_CONVERSION = YES;
				GCC_WARN_ABOUT_RETURN_TYPE = YES_ERROR;
				GCC_WARN_UNDECLARED_SELECTOR = YES;
				GCC_WARN_UNINITIALIZED_AUTOS = YES_AGGRESSIVE;
				GCC_WARN_UNUSED_FUNCTION = YES;
				GCC_WARN_UNUSED_VARIABLE = YES;
				IPHONEOS_DEPLOYMENT_TARGET = 17.0;
				LOCALIZATION_PREFERS_STRING_CATALOGS = YES;
				MTL_ENABLE_DEBUG_INFO = INCLUDE_SOURCE;
				MTL_FAST_MATH = YES;
				ONLY_ACTIVE_ARCH = YES;
				SDKROOT = iphoneos;
				SWIFT_ACTIVE_COMPILATION_CONDITIONS = "DEBUG $(inherited)";
				SWIFT_OPTIMIZATION_LEVEL = "-Onone";
			};
			name = Debug;
		};
		3F9F44192D2E91CE0004E8BE /* Release */ = {
			isa = XCBuildConfiguration;
			buildSettings = {
				ALWAYS_SEARCH_USER_PATHS = NO;
				ASSETCATALOG_COMPILER_GENERATE_SWIFT_ASSET_SYMBOL_EXTENSIONS = YES;
				CLANG_ANALYZER_NONNULL = YES;
				CLANG_ANALYZER_NUMBER_OBJECT_CONVERSION = YES_AGGRESSIVE;
				CLANG_CXX_LANGUAGE_STANDARD = "gnu++20";
				CLANG_ENABLE_MODULES = YES;
				CLANG_ENABLE_OBJC_ARC = YES;
				CLANG_ENABLE_OBJC_WEAK = YES;
				CLANG_WARN_BLOCK_CAPTURE_AUTORELEASING = YES;
				CLANG_WARN_BOOL_CONVERSION = YES;
				CLANG_WARN_COMMA = YES;
				CLANG_WARN_CONSTANT_CONVERSION = YES;
				CLANG_WARN_DEPRECATED_OBJC_IMPLEMENTATIONS = YES;
				CLANG_WARN_DIRECT_OBJC_ISA_USAGE = YES_ERROR;
				CLANG_WARN_DOCUMENTATION_COMMENTS = YES;
				CLANG_WARN_EMPTY_BODY = YES;
				CLANG_WARN_ENUM_CONVERSION = YES;
				CLANG_WARN_INFINITE_RECURSION = YES;
				CLANG_WARN_INT_CONVERSION = YES;
				CLANG_WARN_NON_LITERAL_NULL_CONVERSION = YES;
				CLANG_WARN_OBJC_IMPLICIT_RETAIN_SELF = YES;
				CLANG_WARN_OBJC_LITERAL_CONVERSION = YES;
				CLANG_WARN_OBJC_ROOT_CLASS = YES_ERROR;
				CLANG_WARN_QUOTED_INCLUDE_IN_FRAMEWORK_HEADER = YES;
				CLANG_WARN_RANGE_LOOP_ANALYSIS = YES;
				CLANG_WARN_STRICT_PROTOTYPES = YES;
				CLANG_WARN_SUSPICIOUS_MOVE = YES;
				CLANG_WARN_UNGUARDED_AVAILABILITY = YES_AGGRESSIVE;
				CLANG_WARN_UNREACHABLE_CODE = YES;
				CLANG_WARN__DUPLICATE_METHOD_MATCH = YES;
				COPY_PHASE_STRIP = NO;
				DEBUG_INFORMATION_FORMAT = "dwarf-with-dsym";
				ENABLE_NS_ASSERTIONS = NO;
				ENABLE_STRICT_OBJC_MSGSEND = YES;
				ENABLE_USER_SCRIPT_SANDBOXING = YES;
				GCC_C_LANGUAGE_STANDARD = gnu17;
				GCC_NO_COMMON_BLOCKS = YES;
				GCC_WARN_64_TO_32_BIT_CONVERSION = YES;
				GCC_WARN_ABOUT_RETURN_TYPE = YES_ERROR;
				GCC_WARN_UNDECLARED_SELECTOR = YES;
				GCC_WARN_UNINITIALIZED_AUTOS = YES_AGGRESSIVE;
				GCC_WARN_UNUSED_FUNCTION = YES;
				GCC_WARN_UNUSED_VARIABLE = YES;
				IPHONEOS_DEPLOYMENT_TARGET = 17.0;
				LOCALIZATION_PREFERS_STRING_CATALOGS = YES;
				MTL_ENABLE_DEBUG_INFO = NO;
				MTL_FAST_MATH = YES;
				SDKROOT = iphoneos;
				SWIFT_COMPILATION_MODE = wholemodule;
				VALIDATE_PRODUCT = YES;
			};
			name = Release;
		};
		3F9F441B2D2E91CE0004E8BE /* Debug */ = {
			isa = XCBuildConfiguration;
			buildSettings = {
				ASSETCATALOG_COMPILER_APPICON_NAME = AppIcon;
				ASSETCATALOG_COMPILER_GLOBAL_ACCENT_COLOR_NAME = AccentColor;
				CODE_SIGN_STYLE = Automatic;
				CURRENT_PROJECT_VERSION = 1;
				DEVELOPMENT_ASSET_PATHS = "\"blackjack/Preview Content\"";
				ENABLE_PREVIEWS = YES;
				GENERATE_INFOPLIST_FILE = YES;
				INFOPLIST_KEY_UIApplicationSceneManifest_Generation = YES;
				INFOPLIST_KEY_UIApplicationSupportsIndirectInputEvents = YES;
				INFOPLIST_KEY_UILaunchScreen_Generation = YES;
				INFOPLIST_KEY_UISupportedInterfaceOrientations = UIInterfaceOrientationPortrait;
				INFOPLIST_KEY_UISupportedInterfaceOrientations_iPad = UIInterfaceOrientationPortrait;
				LD_RUNPATH_SEARCH_PATHS = (
					"$(inherited)",
					"@executable_path/Frameworks",
				);
				MARKETING_VERSION = 1.0;
				PRODUCT_BUNDLE_IDENTIFIER = pollub.blackjack;
				PRODUCT_NAME = "$(TARGET_NAME)";
				SWIFT_EMIT_LOC_STRINGS = YES;
				SWIFT_VERSION = 5.0;
				TARGETED_DEVICE_FAMILY = "1,2";
			};
			name = Debug;
		};
		3F9F441C2D2E91CE0004E8BE /* Release */ = {
			isa = XCBuildConfiguration;
			buildSettings = {
				ASSETCATALOG_COMPILER_APPICON_NAME = AppIcon;
				ASSETCATALOG_COMPILER_GLOBAL_ACCENT_COLOR_NAME = AccentColor;
				CODE_SIGN_STYLE = Automatic;
				CURRENT_PROJECT_VERSION = 1;
				DEVELOPMENT_ASSET_PATHS = "\"blackjack/Preview Content\"";
				ENABLE_PREVIEWS = YES;
				GENERATE_INFOPLIST_FILE = YES;
				INFOPLIST_KEY_UIApplicationSceneManifest_Generation = YES;
				INFOPLIST_KEY_UIApplicationSupportsIndirectInputEvents = YES;
				INFOPLIST_KEY_UILaunchScreen_Generation = YES;
				INFOPLIST_KEY_UISupportedInterfaceOrientations = UIInterfaceOrientationPortrait;
				INFOPLIST_KEY_UISupportedInterfaceOrientations_iPad = UIInterfaceOrientationPortrait;
				LD_RUNPATH_SEARCH_PATHS = (
					"$(inherited)",
					"@executable_path/Frameworks",
				);
				MARKETING_VERSION = 1.0;
				PRODUCT_BUNDLE_IDENTIFIER = pollub.blackjack;
				PRODUCT_NAME = "$(TARGET_NAME)";
				SWIFT_EMIT_LOC_STRINGS = YES;
				SWIFT_VERSION = 5.0;
				TARGETED_DEVICE_FAMILY = "1,2";
			};
			name = Release;
		};
		3F9F441E2D2E91CE0004E8BE /* Debug */ = {
			isa = XCBuildConfiguration;
			buildSettings = {
				ALWAYS_EMBED_SWIFT_STANDARD_LIBRARIES = YES;
				BUNDLE_LOADER = "$(TEST_HOST)";
				CODE_SIGN_STYLE = Automatic;
				CURRENT_PROJECT_VERSION = 1;
				GENERATE_INFOPLIST_FILE = YES;
				IPHONEOS_DEPLOYMENT_TARGET = 17.0;
				MARKETING_VERSION = 1.0;
				PRODUCT_BUNDLE_IDENTIFIER = pollub.blackjackTests;
				PRODUCT_NAME = "$(TARGET_NAME)";
				SWIFT_EMIT_LOC_STRINGS = NO;
				SWIFT_VERSION = 5.0;
				TARGETED_DEVICE_FAMILY = "1,2";
				TEST_HOST = "$(BUILT_PRODUCTS_DIR)/blackjack.app/$(BUNDLE_EXECUTABLE_FOLDER_PATH)/blackjack";
			};
			name = Debug;
		};
		3F9F441F2D2E91CE0004E8BE /* Release */ = {
			isa = XCBuildConfiguration;
			buildSettings = {
				ALWAYS_EMBED_SWIFT_STANDARD_LIBRARIES = YES;
				BUNDLE_LOADER = "$(TEST_HOST)";
				CODE_SIGN_STYLE = Automatic;
				CURRENT_PROJECT_VERSION = 1;
				GENERATE_INFOPLIST_FILE = YES;
				IPHONEOS_DEPLOYMENT_TARGET = 17.0;
				MARKETING_VERSION = 1.0;
				PRODUCT_BUNDLE_IDENTIFIER = pollub.blackjackTests;
				PRODUCT_NAME = "$(TARGET_NAME)";
				SWIFT_EMIT_LOC_STRINGS = NO;
				SWIFT_VERSION = 5.0;
				TARGETED_DEVICE_FAMILY = "1,2";
				TEST_HOST = "$(BUILT_PRODUCTS_DIR)/blackjack.app/$(BUNDLE_EXECUTABLE_FOLDER_PATH)/blackjack";
			};
			name = Release;
		};
		3F9F44212D2E91CE0004E8BE /* Debug */ = {
			isa = XCBuildConfiguration;
			buildSettings = {
				ALWAYS_EMBED_SWIFT_STANDARD_LIBRARIES = YES;
				CODE_SIGN_STYLE = Automatic;
				CURRENT_PROJECT_VERSION = 1;
				GENERATE_INFOPLIST_FILE = YES;
				MARKETING_VERSION = 1.0;
				PRODUCT_BUNDLE_IDENTIFIER = pollub.blackjackUITests;
				PRODUCT_NAME = "$(TARGET_NAME)";
				SWIFT_EMIT_LOC_STRINGS = NO;
				SWIFT_VERSION = 5.0;
				TARGETED_DEVICE_FAMILY = "1,2";
				TEST_TARGET_NAME = blackjack;
			};
			name = Debug;
		};
		3F9F44222D2E91CE0004E8BE /* Release */ = {
			isa = XCBuildConfiguration;
			buildSettings = {
				ALWAYS_EMBED_SWIFT_STANDARD_LIBRARIES = YES;
				CODE_SIGN_STYLE = Automatic;
				CURRENT_PROJECT_VERSION = 1;
				GENERATE_INFOPLIST_FILE = YES;
				MARKETING_VERSION = 1.0;
				PRODUCT_BUNDLE_IDENTIFIER = pollub.blackjackUITests;
				PRODUCT_NAME = "$(TARGET_NAME)";
				SWIFT_EMIT_LOC_STRINGS = NO;
				SWIFT_VERSION = 5.0;
				TARGETED_DEVICE_FAMILY = "1,2";
				TEST_TARGET_NAME = blackjack;
			};
			name = Release;
		};
/* End XCBuildConfiguration section */

/* Begin XCConfigurationList section */
		3F9F43F12D2E91BF0004E8BE /* Build configuration list for PBXProject "blackjack" */ = {
			isa = XCConfigurationList;
			buildConfigurations = (
				3F9F44182D2E91CE0004E8BE /* Debug */,
				3F9F44192D2E91CE0004E8BE /* Release */,
			);
			defaultConfigurationIsVisible = 0;
			defaultConfigurationName = Release;
		};
		3F9F441A2D2E91CE0004E8BE /* Build configuration list for PBXNativeTarget "blackjack" */ = {
			isa = XCConfigurationList;
			buildConfigurations = (
				3F9F441B2D2E91CE0004E8BE /* Debug */,
				3F9F441C2D2E91CE0004E8BE /* Release */,
			);
			defaultConfigurationIsVisible = 0;
			defaultConfigurationName = Release;
		};
		3F9F441D2D2E91CE0004E8BE /* Build configuration list for PBXNativeTarget "blackjackTests" */ = {
			isa = XCConfigurationList;
			buildConfigurations = (
				3F9F441E2D2E91CE0004E8BE /* Debug */,
				3F9F441F2D2E91CE0004E8BE /* Release */,
			);
			defaultConfigurationIsVisible = 0;
			defaultConfigurationName = Release;
		};
		3F9F44202D2E91CE0004E8BE /* Build configuration list for PBXNativeTarget "blackjackUITests" */ = {
			isa = XCConfigurationList;
			buildConfigurations = (
				3F9F44212D2E91CE0004E8BE /* Debug */,
				3F9F44222D2E91CE0004E8BE /* Release */,
			);
			defaultConfigurationIsVisible = 0;
			defaultConfigurationName = Release;
		};
/* End XCConfigurationList section */
	};
	rootObject = 3F9F43EE2D2E91BF0004E8BE /* Project object */;
}
